
Microsoft Visual Studio Solution File, Format Version 12.00
# Visual Studio Version 17
VisualStudioVersion = 17.3.32901.215
MinimumVisualStudioVersion = 10.0.40219.1
Project("{888888A0-9F3D-457C-B088-3A5042F75D52}") = "chome", "chome.pyproj", "{AF0D79BF-442A-4128-8DBC-B245F68D966E}"
EndProject
Global
	GlobalSection(SolutionConfigurationPlatforms) = preSolution
		Debug|Any CPU = Debug|Any CPU
		Release|Any CPU = Release|Any CPU
	EndGlobalSection
	GlobalSection(ProjectConfigurationPlatforms) = postSolution
		{AF0D79BF-442A-4128-8DBC-B245F68D966E}.Debug|Any CPU.ActiveCfg = Debug|Any CPU
		{AF0D79BF-442A-4128-8DBC-B245F68D966E}.Release|Any CPU.ActiveCfg = Release|Any CPU
	EndGlobalSection
	GlobalSection(SolutionProperties) = preSolution
		HideSolutionNode = FALSE
	EndGlobalSection
	GlobalSection(ExtensibilityGlobals) = postSolution
		SolutionGuid = {D7563426-AD5A-4DB2-9BE2-3646F06FBDCF}
	EndGlobalSection
EndGlobal
